// !$*UTF8*$!
{
	archiveVersion = 1;
	classes = {
	};
	objectVersion = 46;
	objects = {

/* Begin PBXBuildFile section */
		1109C2F718E5AB5300D22A42 /* MemberTableViewCell.m in Sources */ = {isa = PBXBuildFile; fileRef = 1109C2F618E5AB5300D22A42 /* MemberTableViewCell.m */; };
		1109C2FA18E82E8300D22A42 /* default_avatar_female.jpg in Resources */ = {isa = PBXBuildFile; fileRef = 1109C2F818E82E8300D22A42 /* default_avatar_female.jpg */; };
		1109C2FB18E82E8300D22A42 /* default_avatar_male.jpg in Resources */ = {isa = PBXBuildFile; fileRef = 1109C2F918E82E8300D22A42 /* default_avatar_male.jpg */; };
		11204FE4192F377000252D66 /* Member.m in Sources */ = {isa = PBXBuildFile; fileRef = 11204FE3192F377000252D66 /* Member.m */; };
		11F8A04E1906AA03009AD973 /* MemberCollectionViewCell.m in Sources */ = {isa = PBXBuildFile; fileRef = 11F8A04D1906AA03009AD973 /* MemberCollectionViewCell.m */; };
		11F8A0511906AA87009AD973 /* MemberCollectionViewController.m in Sources */ = {isa = PBXBuildFile; fileRef = 11F8A0501906AA87009AD973 /* MemberCollectionViewController.m */; };
		11F8A054190CE78C009AD973 /* EventCollectionViewCell.m in Sources */ = {isa = PBXBuildFile; fileRef = 11F8A053190CE78C009AD973 /* EventCollectionViewCell.m */; };
		11F8A057190E74B0009AD973 /* ExpenseCollectionViewCell.m in Sources */ = {isa = PBXBuildFile; fileRef = 11F8A056190E74B0009AD973 /* ExpenseCollectionViewCell.m */; };
		11F8A060190E946A009AD973 /* Expense.m in Sources */ = {isa = PBXBuildFile; fileRef = 11F8A05F190E946A009AD973 /* Expense.m */; };
		4919381D18CE0BB2006E8C5D /* SubCategoryViewController.m in Sources */ = {isa = PBXBuildFile; fileRef = 4919381C18CE0BB2006E8C5D /* SubCategoryViewController.m */; };
		4919382018CE0F7C006E8C5D /* Category.m in Sources */ = {isa = PBXBuildFile; fileRef = 4919381F18CE0F7C006E8C5D /* Category.m */; };
		4919382318CE1394006E8C5D /* SubCategoryDetailViewController.m in Sources */ = {isa = PBXBuildFile; fileRef = 4919382218CE1394006E8C5D /* SubCategoryDetailViewController.m */; };
		49201E6918D9FF2600770C78 /* app_icon@2x.png in Resources */ = {isa = PBXBuildFile; fileRef = 49201E6618D9FF2600770C78 /* app_icon@2x.png */; };
		49201E6A18D9FF2600770C78 /* app_icon~ipad.png in Resources */ = {isa = PBXBuildFile; fileRef = 49201E6718D9FF2600770C78 /* app_icon~ipad.png */; };
		49201E6B18D9FF2600770C78 /* app_icon~ipad@2x.png in Resources */ = {isa = PBXBuildFile; fileRef = 49201E6818D9FF2600770C78 /* app_icon~ipad@2x.png */; };
		4930B15B18BE2359004A3398 /* ExpenseTableViewCell.m in Sources */ = {isa = PBXBuildFile; fileRef = 4930B15A18BE2359004A3398 /* ExpenseTableViewCell.m */; };
		4930B16118BF8BC1004A3398 /* EventViewController.m in Sources */ = {isa = PBXBuildFile; fileRef = 4930B16018BF8BC1004A3398 /* EventViewController.m */; };
		4930B16418C0CC89004A3398 /* EventDetailViewController.m in Sources */ = {isa = PBXBuildFile; fileRef = 4930B16318C0CC89004A3398 /* EventDetailViewController.m */; };
		4930B16718C0DF50004A3398 /* EventTableViewCell.m in Sources */ = {isa = PBXBuildFile; fileRef = 4930B16618C0DF50004A3398 /* EventTableViewCell.m */; };
		4930B16D18C37056004A3398 /* Event.m in Sources */ = {isa = PBXBuildFile; fileRef = 4930B16C18C37056004A3398 /* Event.m */; };
		493B49E0190F65AF009196E7 /* tick_empty@2x.png in Resources */ = {isa = PBXBuildFile; fileRef = 493B49DE190F65AF009196E7 /* tick_empty@2x.png */; };
		493B49E1190F65AF009196E7 /* tick_selected@2x.png in Resources */ = {isa = PBXBuildFile; fileRef = 493B49DF190F65AF009196E7 /* tick_selected@2x.png */; };
		497193F917681D940083624D /* UIKit.framework in Frameworks */ = {isa = PBXBuildFile; fileRef = 497193F817681D940083624D /* UIKit.framework */; };
		497193FB17681D940083624D /* Foundation.framework in Frameworks */ = {isa = PBXBuildFile; fileRef = 497193FA17681D940083624D /* Foundation.framework */; };
		497193FD17681D940083624D /* CoreGraphics.framework in Frameworks */ = {isa = PBXBuildFile; fileRef = 497193FC17681D940083624D /* CoreGraphics.framework */; };
		4971940317681D940083624D /* InfoPlist.strings in Resources */ = {isa = PBXBuildFile; fileRef = 4971940117681D940083624D /* InfoPlist.strings */; };
		4971940517681D940083624D /* main.m in Sources */ = {isa = PBXBuildFile; fileRef = 4971940417681D940083624D /* main.m */; };
		4971940917681D940083624D /* chyyAppDelegate.m in Sources */ = {isa = PBXBuildFile; fileRef = 4971940817681D940083624D /* chyyAppDelegate.m */; };
		4971941217681D940083624D /* MainStoryboard.storyboard in Resources */ = {isa = PBXBuildFile; fileRef = 4971941017681D940083624D /* MainStoryboard.storyboard */; };
		4971941517681D940083624D /* chyyViewController.m in Sources */ = {isa = PBXBuildFile; fileRef = 4971941417681D940083624D /* chyyViewController.m */; };
		4971941D176820DE0083624D /* ExpenseRecord.xcdatamodeld in Sources */ = {isa = PBXBuildFile; fileRef = 4971941B176820DE0083624D /* ExpenseRecord.xcdatamodeld */; };
		497194201768575D0083624D /* ExpenseViewController.m in Sources */ = {isa = PBXBuildFile; fileRef = 4971941F1768575D0083624D /* ExpenseViewController.m */; };
		49719423176857F30083624D /* ExpenseDetailViewController.m in Sources */ = {isa = PBXBuildFile; fileRef = 49719422176857F30083624D /* ExpenseDetailViewController.m */; };
		49719425176862AB0083624D /* CoreData.framework in Frameworks */ = {isa = PBXBuildFile; fileRef = 49719424176862AB0083624D /* CoreData.framework */; };
		49719428176AF9400083624D /* MemberDetailViewController.m in Sources */ = {isa = PBXBuildFile; fileRef = 49719427176AF9400083624D /* MemberDetailViewController.m */; };
		4971942B176B028D0083624D /* MemberViewController.m in Sources */ = {isa = PBXBuildFile; fileRef = 4971942A176B028C0083624D /* MemberViewController.m */; };
		49A1CCBF18CF768E00029D88 /* navbar_users@2x.png in Resources */ = {isa = PBXBuildFile; fileRef = 49A1CCBE18CF768E00029D88 /* navbar_users@2x.png */; };
		49A1CCC118CF793E00029D88 /* navbar_category@2x.png in Resources */ = {isa = PBXBuildFile; fileRef = 49A1CCC018CF793E00029D88 /* navbar_category@2x.png */; };
		49A1CCC618CF7D9400029D88 /* navbar_events@2x.png in Resources */ = {isa = PBXBuildFile; fileRef = 49A1CCC418CF7D9400029D88 /* navbar_events@2x.png */; };
		49A1CCC718CF7D9400029D88 /* navbar_setting@2x.png in Resources */ = {isa = PBXBuildFile; fileRef = 49A1CCC518CF7D9400029D88 /* navbar_setting@2x.png */; };
		49A2498C192DA651001DCD71 /* chyyAppConstants.m in Sources */ = {isa = PBXBuildFile; fileRef = 49A2498B192DA651001DCD71 /* chyyAppConstants.m */; };
		49BBCD1618B9EC7C00BBED45 /* ReportViewController.m in Sources */ = {isa = PBXBuildFile; fileRef = 49BBCD1518B9EC7C00BBED45 /* ReportViewController.m */; };
		49BBCD1918BA00D200BBED45 /* ReportTableViewCell.m in Sources */ = {isa = PBXBuildFile; fileRef = 49BBCD1818BA00D200BBED45 /* ReportTableViewCell.m */; };
		49CD953C18CB58F3002A85F3 /* CategoryDetailViewController.m in Sources */ = {isa = PBXBuildFile; fileRef = 49CD953B18CB58F3002A85F3 /* CategoryDetailViewController.m */; };
		49EBF56918CA138500A9B2A5 /* CategoryViewController.m in Sources */ = {isa = PBXBuildFile; fileRef = 49EBF56818CA138500A9B2A5 /* CategoryViewController.m */; };
		A8C999F4190034A100D1EB22 /* add_member@2x.png in Resources */ = {isa = PBXBuildFile; fileRef = A8C999F2190034A100D1EB22 /* add_member@2x.png */; };
		A8C999F5190034A100D1EB22 /* remove_member@2x.png in Resources */ = {isa = PBXBuildFile; fileRef = A8C999F3190034A100D1EB22 /* remove_member@2x.png */; };
/* End PBXBuildFile section */

/* Begin PBXFileReference section */
		1109C2F518E5AB5300D22A42 /* MemberTableViewCell.h */ = {isa = PBXFileReference; fileEncoding = 4; lastKnownFileType = sourcecode.c.h; path = MemberTableViewCell.h; sourceTree = "<group>"; };
		1109C2F618E5AB5300D22A42 /* MemberTableViewCell.m */ = {isa = PBXFileReference; fileEncoding = 4; lastKnownFileType = sourcecode.c.objc; path = MemberTableViewCell.m; sourceTree = "<group>"; };
		1109C2F818E82E8300D22A42 /* default_avatar_female.jpg */ = {isa = PBXFileReference; lastKnownFileType = image.jpeg; path = default_avatar_female.jpg; sourceTree = "<group>"; };
		1109C2F918E82E8300D22A42 /* default_avatar_male.jpg */ = {isa = PBXFileReference; lastKnownFileType = image.jpeg; path = default_avatar_male.jpg; sourceTree = "<group>"; };
		11204FE2192F377000252D66 /* Member.h */ = {isa = PBXFileReference; fileEncoding = 4; lastKnownFileType = sourcecode.c.h; path = Member.h; sourceTree = "<group>"; };
		11204FE3192F377000252D66 /* Member.m */ = {isa = PBXFileReference; fileEncoding = 4; lastKnownFileType = sourcecode.c.objc; path = Member.m; sourceTree = "<group>"; };
		11F8A04C1906AA03009AD973 /* MemberCollectionViewCell.h */ = {isa = PBXFileReference; fileEncoding = 4; lastKnownFileType = sourcecode.c.h; path = MemberCollectionViewCell.h; sourceTree = "<group>"; };
		11F8A04D1906AA03009AD973 /* MemberCollectionViewCell.m */ = {isa = PBXFileReference; fileEncoding = 4; lastKnownFileType = sourcecode.c.objc; path = MemberCollectionViewCell.m; sourceTree = "<group>"; };
		11F8A04F1906AA87009AD973 /* MemberCollectionViewController.h */ = {isa = PBXFileReference; fileEncoding = 4; lastKnownFileType = sourcecode.c.h; path = MemberCollectionViewController.h; sourceTree = "<group>"; };
		11F8A0501906AA87009AD973 /* MemberCollectionViewController.m */ = {isa = PBXFileReference; fileEncoding = 4; lastKnownFileType = sourcecode.c.objc; path = MemberCollectionViewController.m; sourceTree = "<group>"; };
		11F8A052190CE78C009AD973 /* EventCollectionViewCell.h */ = {isa = PBXFileReference; fileEncoding = 4; lastKnownFileType = sourcecode.c.h; path = EventCollectionViewCell.h; sourceTree = "<group>"; };
		11F8A053190CE78C009AD973 /* EventCollectionViewCell.m */ = {isa = PBXFileReference; fileEncoding = 4; lastKnownFileType = sourcecode.c.objc; path = EventCollectionViewCell.m; sourceTree = "<group>"; };
		11F8A055190E74B0009AD973 /* ExpenseCollectionViewCell.h */ = {isa = PBXFileReference; fileEncoding = 4; lastKnownFileType = sourcecode.c.h; path = ExpenseCollectionViewCell.h; sourceTree = "<group>"; };
		11F8A056190E74B0009AD973 /* ExpenseCollectionViewCell.m */ = {isa = PBXFileReference; fileEncoding = 4; lastKnownFileType = sourcecode.c.objc; path = ExpenseCollectionViewCell.m; sourceTree = "<group>"; };
		11F8A05E190E946A009AD973 /* Expense.h */ = {isa = PBXFileReference; fileEncoding = 4; lastKnownFileType = sourcecode.c.h; path = Expense.h; sourceTree = "<group>"; };
		11F8A05F190E946A009AD973 /* Expense.m */ = {isa = PBXFileReference; fileEncoding = 4; lastKnownFileType = sourcecode.c.objc; path = Expense.m; sourceTree = "<group>"; };
		4919381B18CE0BB2006E8C5D /* SubCategoryViewController.h */ = {isa = PBXFileReference; fileEncoding = 4; lastKnownFileType = sourcecode.c.h; path = SubCategoryViewController.h; sourceTree = "<group>"; };
		4919381C18CE0BB2006E8C5D /* SubCategoryViewController.m */ = {isa = PBXFileReference; fileEncoding = 4; lastKnownFileType = sourcecode.c.objc; path = SubCategoryViewController.m; sourceTree = "<group>"; };
		4919381E18CE0F7C006E8C5D /* Category.h */ = {isa = PBXFileReference; fileEncoding = 4; lastKnownFileType = sourcecode.c.h; path = Category.h; sourceTree = "<group>"; };
		4919381F18CE0F7C006E8C5D /* Category.m */ = {isa = PBXFileReference; fileEncoding = 4; lastKnownFileType = sourcecode.c.objc; path = Category.m; sourceTree = "<group>"; };
		4919382118CE1394006E8C5D /* SubCategoryDetailViewController.h */ = {isa = PBXFileReference; fileEncoding = 4; lastKnownFileType = sourcecode.c.h; path = SubCategoryDetailViewController.h; sourceTree = "<group>"; };
		4919382218CE1394006E8C5D /* SubCategoryDetailViewController.m */ = {isa = PBXFileReference; fileEncoding = 4; lastKnownFileType = sourcecode.c.objc; path = SubCategoryDetailViewController.m; sourceTree = "<group>"; };
		49201E6618D9FF2600770C78 /* app_icon@2x.png */ = {isa = PBXFileReference; lastKnownFileType = image.png; path = "app_icon@2x.png"; sourceTree = "<group>"; };
		49201E6718D9FF2600770C78 /* app_icon~ipad.png */ = {isa = PBXFileReference; lastKnownFileType = image.png; path = "app_icon~ipad.png"; sourceTree = "<group>"; };
		49201E6818D9FF2600770C78 /* app_icon~ipad@2x.png */ = {isa = PBXFileReference; lastKnownFileType = image.png; path = "app_icon~ipad@2x.png"; sourceTree = "<group>"; };
		4930B15918BE2359004A3398 /* ExpenseTableViewCell.h */ = {isa = PBXFileReference; fileEncoding = 4; lastKnownFileType = sourcecode.c.h; path = ExpenseTableViewCell.h; sourceTree = "<group>"; };
		4930B15A18BE2359004A3398 /* ExpenseTableViewCell.m */ = {isa = PBXFileReference; fileEncoding = 4; lastKnownFileType = sourcecode.c.objc; path = ExpenseTableViewCell.m; sourceTree = "<group>"; };
		4930B15F18BF8BC1004A3398 /* EventViewController.h */ = {isa = PBXFileReference; fileEncoding = 4; lastKnownFileType = sourcecode.c.h; path = EventViewController.h; sourceTree = "<group>"; };
		4930B16018BF8BC1004A3398 /* EventViewController.m */ = {isa = PBXFileReference; fileEncoding = 4; lastKnownFileType = sourcecode.c.objc; path = EventViewController.m; sourceTree = "<group>"; };
		4930B16218C0CC89004A3398 /* EventDetailViewController.h */ = {isa = PBXFileReference; fileEncoding = 4; lastKnownFileType = sourcecode.c.h; path = EventDetailViewController.h; sourceTree = "<group>"; };
		4930B16318C0CC89004A3398 /* EventDetailViewController.m */ = {isa = PBXFileReference; fileEncoding = 4; lastKnownFileType = sourcecode.c.objc; path = EventDetailViewController.m; sourceTree = "<group>"; };
		4930B16518C0DF50004A3398 /* EventTableViewCell.h */ = {isa = PBXFileReference; fileEncoding = 4; lastKnownFileType = sourcecode.c.h; path = EventTableViewCell.h; sourceTree = "<group>"; };
		4930B16618C0DF50004A3398 /* EventTableViewCell.m */ = {isa = PBXFileReference; fileEncoding = 4; lastKnownFileType = sourcecode.c.objc; path = EventTableViewCell.m; sourceTree = "<group>"; };
		4930B16B18C37056004A3398 /* Event.h */ = {isa = PBXFileReference; fileEncoding = 4; lastKnownFileType = sourcecode.c.h; path = Event.h; sourceTree = "<group>"; };
		4930B16C18C37056004A3398 /* Event.m */ = {isa = PBXFileReference; fileEncoding = 4; lastKnownFileType = sourcecode.c.objc; path = Event.m; sourceTree = "<group>"; };
		493B49DE190F65AF009196E7 /* tick_empty@2x.png */ = {isa = PBXFileReference; lastKnownFileType = image.png; path = "tick_empty@2x.png"; sourceTree = "<group>"; };
		493B49DF190F65AF009196E7 /* tick_selected@2x.png */ = {isa = PBXFileReference; lastKnownFileType = image.png; path = "tick_selected@2x.png"; sourceTree = "<group>"; };
		497193F517681D940083624D /* 穷开心.app */ = {isa = PBXFileReference; explicitFileType = wrapper.application; includeInIndex = 0; path = "穷开心.app"; sourceTree = BUILT_PRODUCTS_DIR; };
		497193F817681D940083624D /* UIKit.framework */ = {isa = PBXFileReference; lastKnownFileType = wrapper.framework; name = UIKit.framework; path = System/Library/Frameworks/UIKit.framework; sourceTree = SDKROOT; };
		497193FA17681D940083624D /* Foundation.framework */ = {isa = PBXFileReference; lastKnownFileType = wrapper.framework; name = Foundation.framework; path = System/Library/Frameworks/Foundation.framework; sourceTree = SDKROOT; };
		497193FC17681D940083624D /* CoreGraphics.framework */ = {isa = PBXFileReference; lastKnownFileType = wrapper.framework; name = CoreGraphics.framework; path = System/Library/Frameworks/CoreGraphics.framework; sourceTree = SDKROOT; };
		4971940017681D940083624D /* chyy-Info.plist */ = {isa = PBXFileReference; lastKnownFileType = text.plist.xml; path = "chyy-Info.plist"; sourceTree = "<group>"; };
		4971940217681D940083624D /* en */ = {isa = PBXFileReference; lastKnownFileType = text.plist.strings; name = en; path = en.lproj/InfoPlist.strings; sourceTree = "<group>"; };
		4971940417681D940083624D /* main.m */ = {isa = PBXFileReference; lastKnownFileType = sourcecode.c.objc; path = main.m; sourceTree = "<group>"; };
		4971940617681D940083624D /* chyy-Prefix.pch */ = {isa = PBXFileReference; lastKnownFileType = sourcecode.c.h; path = "chyy-Prefix.pch"; sourceTree = "<group>"; };
		4971940717681D940083624D /* chyyAppDelegate.h */ = {isa = PBXFileReference; lastKnownFileType = sourcecode.c.h; path = chyyAppDelegate.h; sourceTree = "<group>"; };
		4971940817681D940083624D /* chyyAppDelegate.m */ = {isa = PBXFileReference; lastKnownFileType = sourcecode.c.objc; path = chyyAppDelegate.m; sourceTree = "<group>"; };
		4971941117681D940083624D /* en */ = {isa = PBXFileReference; lastKnownFileType = file.storyboard; name = en; path = en.lproj/MainStoryboard.storyboard; sourceTree = "<group>"; };
		4971941317681D940083624D /* chyyViewController.h */ = {isa = PBXFileReference; lastKnownFileType = sourcecode.c.h; path = chyyViewController.h; sourceTree = "<group>"; };
		4971941417681D940083624D /* chyyViewController.m */ = {isa = PBXFileReference; lastKnownFileType = sourcecode.c.objc; path = chyyViewController.m; sourceTree = "<group>"; };
		4971941C176820DE0083624D /* ExpenseRecord.xcdatamodel */ = {isa = PBXFileReference; lastKnownFileType = wrapper.xcdatamodel; path = ExpenseRecord.xcdatamodel; sourceTree = "<group>"; };
		4971941E1768575D0083624D /* ExpenseViewController.h */ = {isa = PBXFileReference; fileEncoding = 4; lastKnownFileType = sourcecode.c.h; path = ExpenseViewController.h; sourceTree = "<group>"; };
		4971941F1768575D0083624D /* ExpenseViewController.m */ = {isa = PBXFileReference; fileEncoding = 4; lastKnownFileType = sourcecode.c.objc; path = ExpenseViewController.m; sourceTree = "<group>"; };
		49719421176857F30083624D /* ExpenseDetailViewController.h */ = {isa = PBXFileReference; fileEncoding = 4; lastKnownFileType = sourcecode.c.h; path = ExpenseDetailViewController.h; sourceTree = "<group>"; };
		49719422176857F30083624D /* ExpenseDetailViewController.m */ = {isa = PBXFileReference; fileEncoding = 4; lastKnownFileType = sourcecode.c.objc; path = ExpenseDetailViewController.m; sourceTree = "<group>"; };
		49719424176862AB0083624D /* CoreData.framework */ = {isa = PBXFileReference; lastKnownFileType = wrapper.framework; name = CoreData.framework; path = System/Library/Frameworks/CoreData.framework; sourceTree = SDKROOT; };
		49719426176AF9400083624D /* MemberDetailViewController.h */ = {isa = PBXFileReference; fileEncoding = 4; lastKnownFileType = sourcecode.c.h; path = MemberDetailViewController.h; sourceTree = "<group>"; };
		49719427176AF9400083624D /* MemberDetailViewController.m */ = {isa = PBXFileReference; fileEncoding = 4; lastKnownFileType = sourcecode.c.objc; path = MemberDetailViewController.m; sourceTree = "<group>"; };
		49719429176B028C0083624D /* MemberViewController.h */ = {isa = PBXFileReference; fileEncoding = 4; lastKnownFileType = sourcecode.c.h; path = MemberViewController.h; sourceTree = "<group>"; };
		4971942A176B028C0083624D /* MemberViewController.m */ = {isa = PBXFileReference; fileEncoding = 4; lastKnownFileType = sourcecode.c.objc; path = MemberViewController.m; sourceTree = "<group>"; };
		49A1CCBE18CF768E00029D88 /* navbar_users@2x.png */ = {isa = PBXFileReference; lastKnownFileType = image.png; path = "navbar_users@2x.png"; sourceTree = "<group>"; };
		49A1CCC018CF793E00029D88 /* navbar_category@2x.png */ = {isa = PBXFileReference; lastKnownFileType = image.png; path = "navbar_category@2x.png"; sourceTree = "<group>"; };
		49A1CCC418CF7D9400029D88 /* navbar_events@2x.png */ = {isa = PBXFileReference; lastKnownFileType = image.png; path = "navbar_events@2x.png"; sourceTree = "<group>"; };
		49A1CCC518CF7D9400029D88 /* navbar_setting@2x.png */ = {isa = PBXFileReference; lastKnownFileType = image.png; path = "navbar_setting@2x.png"; sourceTree = "<group>"; };
		49A2498A192DA651001DCD71 /* chyyAppConstants.h */ = {isa = PBXFileReference; fileEncoding = 4; lastKnownFileType = sourcecode.c.h; path = chyyAppConstants.h; sourceTree = "<group>"; };
		49A2498B192DA651001DCD71 /* chyyAppConstants.m */ = {isa = PBXFileReference; fileEncoding = 4; lastKnownFileType = sourcecode.c.objc; path = chyyAppConstants.m; sourceTree = "<group>"; };
		49BBCD1418B9EC7C00BBED45 /* ReportViewController.h */ = {isa = PBXFileReference; fileEncoding = 4; lastKnownFileType = sourcecode.c.h; path = ReportViewController.h; sourceTree = "<group>"; };
		49BBCD1518B9EC7C00BBED45 /* ReportViewController.m */ = {isa = PBXFileReference; fileEncoding = 4; lastKnownFileType = sourcecode.c.objc; path = ReportViewController.m; sourceTree = "<group>"; };
		49BBCD1718BA00D200BBED45 /* ReportTableViewCell.h */ = {isa = PBXFileReference; fileEncoding = 4; lastKnownFileType = sourcecode.c.h; path = ReportTableViewCell.h; sourceTree = "<group>"; };
		49BBCD1818BA00D200BBED45 /* ReportTableViewCell.m */ = {isa = PBXFileReference; fileEncoding = 4; lastKnownFileType = sourcecode.c.objc; path = ReportTableViewCell.m; sourceTree = "<group>"; };
		49CD953A18CB58F3002A85F3 /* CategoryDetailViewController.h */ = {isa = PBXFileReference; fileEncoding = 4; lastKnownFileType = sourcecode.c.h; path = CategoryDetailViewController.h; sourceTree = "<group>"; };
		49CD953B18CB58F3002A85F3 /* CategoryDetailViewController.m */ = {isa = PBXFileReference; fileEncoding = 4; lastKnownFileType = sourcecode.c.objc; path = CategoryDetailViewController.m; sourceTree = "<group>"; };
		49EBF56718CA138500A9B2A5 /* CategoryViewController.h */ = {isa = PBXFileReference; fileEncoding = 4; lastKnownFileType = sourcecode.c.h; path = CategoryViewController.h; sourceTree = "<group>"; };
		49EBF56818CA138500A9B2A5 /* CategoryViewController.m */ = {isa = PBXFileReference; fileEncoding = 4; lastKnownFileType = sourcecode.c.objc; path = CategoryViewController.m; sourceTree = "<group>"; };
		A8C999F2190034A100D1EB22 /* add_member@2x.png */ = {isa = PBXFileReference; lastKnownFileType = image.png; path = "add_member@2x.png"; sourceTree = "<group>"; };
		A8C999F3190034A100D1EB22 /* remove_member@2x.png */ = {isa = PBXFileReference; lastKnownFileType = image.png; path = "remove_member@2x.png"; sourceTree = "<group>"; };
/* End PBXFileReference section */

/* Begin PBXFrameworksBuildPhase section */
		497193F217681D940083624D /* Frameworks */ = {
			isa = PBXFrameworksBuildPhase;
			buildActionMask = 2147483647;
			files = (
				497193F917681D940083624D /* UIKit.framework in Frameworks */,
				497193FB17681D940083624D /* Foundation.framework in Frameworks */,
				497193FD17681D940083624D /* CoreGraphics.framework in Frameworks */,
				49719425176862AB0083624D /* CoreData.framework in Frameworks */,
			);
			runOnlyForDeploymentPostprocessing = 0;
		};
/* End PBXFrameworksBuildPhase section */

/* Begin PBXGroup section */
		11D146CA18D89AE0002B6DD4 /* event */ = {
			isa = PBXGroup;
			children = (
				4930B15F18BF8BC1004A3398 /* EventViewController.h */,
				4930B16018BF8BC1004A3398 /* EventViewController.m */,
				4930B16518C0DF50004A3398 /* EventTableViewCell.h */,
				4930B16618C0DF50004A3398 /* EventTableViewCell.m */,
				4930B16218C0CC89004A3398 /* EventDetailViewController.h */,
				4930B16318C0CC89004A3398 /* EventDetailViewController.m */,
				11F8A052190CE78C009AD973 /* EventCollectionViewCell.h */,
				11F8A053190CE78C009AD973 /* EventCollectionViewCell.m */,
			);
			name = event;
			sourceTree = "<group>";
		};
		11D146CC18D89B1C002B6DD4 /* model */ = {
			isa = PBXGroup;
			children = (
				4930B16B18C37056004A3398 /* Event.h */,
				4930B16C18C37056004A3398 /* Event.m */,
				4919381E18CE0F7C006E8C5D /* Category.h */,
				4919381F18CE0F7C006E8C5D /* Category.m */,
				11F8A05E190E946A009AD973 /* Expense.h */,
				11F8A05F190E946A009AD973 /* Expense.m */,
				11204FE2192F377000252D66 /* Member.h */,
				11204FE3192F377000252D66 /* Member.m */,
			);
			name = model;
			sourceTree = "<group>";
		};
		11D146CD18D89B49002B6DD4 /* member */ = {
			isa = PBXGroup;
			children = (
				49719426176AF9400083624D /* MemberDetailViewController.h */,
				49719427176AF9400083624D /* MemberDetailViewController.m */,
				49719429176B028C0083624D /* MemberViewController.h */,
				4971942A176B028C0083624D /* MemberViewController.m */,
				1109C2F518E5AB5300D22A42 /* MemberTableViewCell.h */,
				1109C2F618E5AB5300D22A42 /* MemberTableViewCell.m */,
				11F8A04C1906AA03009AD973 /* MemberCollectionViewCell.h */,
				11F8A04D1906AA03009AD973 /* MemberCollectionViewCell.m */,
				11F8A04F1906AA87009AD973 /* MemberCollectionViewController.h */,
				11F8A0501906AA87009AD973 /* MemberCollectionViewController.m */,
			);
			name = member;
			sourceTree = "<group>";
		};
		11D146CE18D89B51002B6DD4 /* expense */ = {
			isa = PBXGroup;
			children = (
				4971941E1768575D0083624D /* ExpenseViewController.h */,
				4971941F1768575D0083624D /* ExpenseViewController.m */,
				49719421176857F30083624D /* ExpenseDetailViewController.h */,
				49719422176857F30083624D /* ExpenseDetailViewController.m */,
				4930B15918BE2359004A3398 /* ExpenseTableViewCell.h */,
				4930B15A18BE2359004A3398 /* ExpenseTableViewCell.m */,
				11F8A055190E74B0009AD973 /* ExpenseCollectionViewCell.h */,
				11F8A056190E74B0009AD973 /* ExpenseCollectionViewCell.m */,
			);
			name = expense;
			sourceTree = "<group>";
		};
		11D146CF18D89B93002B6DD4 /* category */ = {
			isa = PBXGroup;
			children = (
				49EBF56718CA138500A9B2A5 /* CategoryViewController.h */,
				49EBF56818CA138500A9B2A5 /* CategoryViewController.m */,
				49CD953A18CB58F3002A85F3 /* CategoryDetailViewController.h */,
				49CD953B18CB58F3002A85F3 /* CategoryDetailViewController.m */,
				4919381B18CE0BB2006E8C5D /* SubCategoryViewController.h */,
				4919381C18CE0BB2006E8C5D /* SubCategoryViewController.m */,
				4919382118CE1394006E8C5D /* SubCategoryDetailViewController.h */,
				4919382218CE1394006E8C5D /* SubCategoryDetailViewController.m */,
			);
			name = category;
			sourceTree = "<group>";
		};
		11D146D018D89BA7002B6DD4 /* report */ = {
			isa = PBXGroup;
			children = (
				49BBCD1418B9EC7C00BBED45 /* ReportViewController.h */,
				49BBCD1518B9EC7C00BBED45 /* ReportViewController.m */,
				49BBCD1718BA00D200BBED45 /* ReportTableViewCell.h */,
				49BBCD1818BA00D200BBED45 /* ReportTableViewCell.m */,
			);
			name = report;
			sourceTree = "<group>";
		};
		497193EC17681D930083624D = {
			isa = PBXGroup;
			children = (
				497193FE17681D940083624D /* chyy */,
				49719424176862AB0083624D /* CoreData.framework */,
				497193F717681D940083624D /* Frameworks */,
				497193F617681D940083624D /* Products */,
			);
			sourceTree = "<group>";
		};
		497193F617681D940083624D /* Products */ = {
			isa = PBXGroup;
			children = (
				497193F517681D940083624D /* 穷开心.app */,
			);
			name = Products;
			sourceTree = "<group>";
		};
		497193F717681D940083624D /* Frameworks */ = {
			isa = PBXGroup;
			children = (
				497193F817681D940083624D /* UIKit.framework */,
				497193FA17681D940083624D /* Foundation.framework */,
				497193FC17681D940083624D /* CoreGraphics.framework */,
			);
			name = Frameworks;
			sourceTree = "<group>";
		};
		497193FE17681D940083624D /* chyy */ = {
			isa = PBXGroup;
			children = (
				11D146D018D89BA7002B6DD4 /* report */,
				11D146CF18D89B93002B6DD4 /* category */,
				11D146CE18D89B51002B6DD4 /* expense */,
				11D146CD18D89B49002B6DD4 /* member */,
				11D146CC18D89B1C002B6DD4 /* model */,
				11D146CA18D89AE0002B6DD4 /* event */,
				49A2498A192DA651001DCD71 /* chyyAppConstants.h */,
				49A2498B192DA651001DCD71 /* chyyAppConstants.m */,
				4971940717681D940083624D /* chyyAppDelegate.h */,
				4971940817681D940083624D /* chyyAppDelegate.m */,
				4971941017681D940083624D /* MainStoryboard.storyboard */,
				4971941317681D940083624D /* chyyViewController.h */,
				4971941417681D940083624D /* chyyViewController.m */,
				497193FF17681D940083624D /* Supporting Files */,
				4971941B176820DE0083624D /* ExpenseRecord.xcdatamodeld */,
			);
			path = chyy;
			sourceTree = "<group>";
		};
		497193FF17681D940083624D /* Supporting Files */ = {
			isa = PBXGroup;
			children = (
				493B49DE190F65AF009196E7 /* tick_empty@2x.png */,
				493B49DF190F65AF009196E7 /* tick_selected@2x.png */,
				1109C2F818E82E8300D22A42 /* default_avatar_female.jpg */,
				A8C999F2190034A100D1EB22 /* add_member@2x.png */,
				A8C999F3190034A100D1EB22 /* remove_member@2x.png */,
				1109C2F918E82E8300D22A42 /* default_avatar_male.jpg */,
				49201E6618D9FF2600770C78 /* app_icon@2x.png */,
				49201E6718D9FF2600770C78 /* app_icon~ipad.png */,
				49201E6818D9FF2600770C78 /* app_icon~ipad@2x.png */,
				49A1CCC418CF7D9400029D88 /* navbar_events@2x.png */,
				49A1CCC518CF7D9400029D88 /* navbar_setting@2x.png */,
				49A1CCC018CF793E00029D88 /* navbar_category@2x.png */,
				49A1CCBE18CF768E00029D88 /* navbar_users@2x.png */,
				4971940017681D940083624D /* chyy-Info.plist */,
				4971940117681D940083624D /* InfoPlist.strings */,
				4971940417681D940083624D /* main.m */,
				4971940617681D940083624D /* chyy-Prefix.pch */,
			);
			name = "Supporting Files";
			sourceTree = "<group>";
		};
/* End PBXGroup section */

/* Begin PBXNativeTarget section */
		497193F417681D940083624D /* chyy */ = {
			isa = PBXNativeTarget;
			buildConfigurationList = 4971941817681D940083624D /* Build configuration list for PBXNativeTarget "chyy" */;
			buildPhases = (
				497193F117681D940083624D /* Sources */,
				497193F217681D940083624D /* Frameworks */,
				497193F317681D940083624D /* Resources */,
			);
			buildRules = (
			);
			dependencies = (
			);
			name = chyy;
			productName = chyy;
			productReference = 497193F517681D940083624D /* 穷开心.app */;
			productType = "com.apple.product-type.application";
		};
/* End PBXNativeTarget section */

/* Begin PBXProject section */
		497193ED17681D930083624D /* Project object */ = {
			isa = PBXProject;
			attributes = {
				CLASSPREFIX = chyy;
				LastUpgradeCheck = 0460;
				ORGANIZATIONNAME = huan;
			};
			buildConfigurationList = 497193F017681D940083624D /* Build configuration list for PBXProject "chyy" */;
			compatibilityVersion = "Xcode 3.2";
			developmentRegion = English;
			hasScannedForEncodings = 0;
			knownRegions = (
				en,
			);
			mainGroup = 497193EC17681D930083624D;
			productRefGroup = 497193F617681D940083624D /* Products */;
			projectDirPath = "";
			projectRoot = "";
			targets = (
				497193F417681D940083624D /* chyy */,
			);
		};
/* End PBXProject section */

/* Begin PBXResourcesBuildPhase section */
		497193F317681D940083624D /* Resources */ = {
			isa = PBXResourcesBuildPhase;
			buildActionMask = 2147483647;
			files = (
				4971940317681D940083624D /* InfoPlist.strings in Resources */,
				49201E6918D9FF2600770C78 /* app_icon@2x.png in Resources */,
				49A1CCC118CF793E00029D88 /* navbar_category@2x.png in Resources */,
				1109C2FA18E82E8300D22A42 /* default_avatar_female.jpg in Resources */,
				49A1CCBF18CF768E00029D88 /* navbar_users@2x.png in Resources */,
				49201E6B18D9FF2600770C78 /* app_icon~ipad@2x.png in Resources */,
				A8C999F5190034A100D1EB22 /* remove_member@2x.png in Resources */,
				A8C999F4190034A100D1EB22 /* add_member@2x.png in Resources */,
				49A1CCC718CF7D9400029D88 /* navbar_setting@2x.png in Resources */,
				49201E6A18D9FF2600770C78 /* app_icon~ipad.png in Resources */,
				1109C2FB18E82E8300D22A42 /* default_avatar_male.jpg in Resources */,
				493B49E1190F65AF009196E7 /* tick_selected@2x.png in Resources */,
				493B49E0190F65AF009196E7 /* tick_empty@2x.png in Resources */,
				4971941217681D940083624D /* MainStoryboard.storyboard in Resources */,
				49A1CCC618CF7D9400029D88 /* navbar_events@2x.png in Resources */,
			);
			runOnlyForDeploymentPostprocessing = 0;
		};
/* End PBXResourcesBuildPhase section */

/* Begin PBXSourcesBuildPhase section */
		497193F117681D940083624D /* Sources */ = {
			isa = PBXSourcesBuildPhase;
			buildActionMask = 2147483647;
			files = (
				4971940517681D940083624D /* main.m in Sources */,
				4971940917681D940083624D /* chyyAppDelegate.m in Sources */,
				4971941517681D940083624D /* chyyViewController.m in Sources */,
				4930B16418C0CC89004A3398 /* EventDetailViewController.m in Sources */,
				4930B16D18C37056004A3398 /* Event.m in Sources */,
				49CD953C18CB58F3002A85F3 /* CategoryDetailViewController.m in Sources */,
				11F8A057190E74B0009AD973 /* ExpenseCollectionViewCell.m in Sources */,
				4971941D176820DE0083624D /* ExpenseRecord.xcdatamodeld in Sources */,
				11F8A054190CE78C009AD973 /* EventCollectionViewCell.m in Sources */,
				1109C2F718E5AB5300D22A42 /* MemberTableViewCell.m in Sources */,
				4919382018CE0F7C006E8C5D /* Category.m in Sources */,
				11204FE4192F377000252D66 /* Member.m in Sources */,
				497194201768575D0083624D /* ExpenseViewController.m in Sources */,
				4919381D18CE0BB2006E8C5D /* SubCategoryViewController.m in Sources */,
				4930B16718C0DF50004A3398 /* EventTableViewCell.m in Sources */,
				49BBCD1618B9EC7C00BBED45 /* ReportViewController.m in Sources */,
				49EBF56918CA138500A9B2A5 /* CategoryViewController.m in Sources */,
				11F8A0511906AA87009AD973 /* MemberCollectionViewController.m in Sources */,
				11F8A04E1906AA03009AD973 /* MemberCollectionViewCell.m in Sources */,
				4919382318CE1394006E8C5D /* SubCategoryDetailViewController.m in Sources */,
				49719423176857F30083624D /* ExpenseDetailViewController.m in Sources */,
				4930B15B18BE2359004A3398 /* ExpenseTableViewCell.m in Sources */,
				49BBCD1918BA00D200BBED45 /* ReportTableViewCell.m in Sources */,
				11F8A060190E946A009AD973 /* Expense.m in Sources */,
				49A2498C192DA651001DCD71 /* chyyAppConstants.m in Sources */,
				4930B16118BF8BC1004A3398 /* EventViewController.m in Sources */,
				49719428176AF9400083624D /* MemberDetailViewController.m in Sources */,
				4971942B176B028D0083624D /* MemberViewController.m in Sources */,
			);
			runOnlyForDeploymentPostprocessing = 0;
		};
/* End PBXSourcesBuildPhase section */

/* Begin PBXVariantGroup section */
		4971940117681D940083624D /* InfoPlist.strings */ = {
			isa = PBXVariantGroup;
			children = (
				4971940217681D940083624D /* en */,
			);
			name = InfoPlist.strings;
			sourceTree = "<group>";
		};
		4971941017681D940083624D /* MainStoryboard.storyboard */ = {
			isa = PBXVariantGroup;
			children = (
				4971941117681D940083624D /* en */,
			);
			name = MainStoryboard.storyboard;
			sourceTree = "<group>";
		};
/* End PBXVariantGroup section */

/* Begin XCBuildConfiguration section */
		4971941617681D940083624D /* Debug */ = {
			isa = XCBuildConfiguration;
			buildSettings = {
				ALWAYS_SEARCH_USER_PATHS = NO;
				CLANG_CXX_LANGUAGE_STANDARD = "gnu++0x";
				CLANG_CXX_LIBRARY = "libc++";
				CLANG_ENABLE_OBJC_ARC = YES;
				CLANG_WARN_CONSTANT_CONVERSION = YES;
				CLANG_WARN_EMPTY_BODY = YES;
				CLANG_WARN_ENUM_CONVERSION = YES;
				CLANG_WARN_INT_CONVERSION = YES;
				CLANG_WARN__DUPLICATE_METHOD_MATCH = YES;
				"CODE_SIGN_IDENTITY[sdk=iphoneos*]" = "iPhone Developer";
				COPY_PHASE_STRIP = NO;
				GCC_C_LANGUAGE_STANDARD = gnu99;
				GCC_DYNAMIC_NO_PIC = NO;
				GCC_OPTIMIZATION_LEVEL = 0;
				GCC_PREPROCESSOR_DEFINITIONS = (
					"DEBUG=1",
					"$(inherited)",
				);
				GCC_SYMBOLS_PRIVATE_EXTERN = NO;
				GCC_WARN_ABOUT_RETURN_TYPE = YES;
				GCC_WARN_UNINITIALIZED_AUTOS = YES;
				GCC_WARN_UNUSED_VARIABLE = YES;
				IPHONEOS_DEPLOYMENT_TARGET = 7.1;
				ONLY_ACTIVE_ARCH = YES;
				SDKROOT = iphoneos;
			};
			name = Debug;
		};
		4971941717681D940083624D /* Release */ = {
			isa = XCBuildConfiguration;
			buildSettings = {
				ALWAYS_SEARCH_USER_PATHS = NO;
				CLANG_CXX_LANGUAGE_STANDARD = "gnu++0x";
				CLANG_CXX_LIBRARY = "libc++";
				CLANG_ENABLE_OBJC_ARC = YES;
				CLANG_WARN_CONSTANT_CONVERSION = YES;
				CLANG_WARN_EMPTY_BODY = YES;
				CLANG_WARN_ENUM_CONVERSION = YES;
				CLANG_WARN_INT_CONVERSION = YES;
				CLANG_WARN__DUPLICATE_METHOD_MATCH = YES;
				"CODE_SIGN_IDENTITY[sdk=iphoneos*]" = "iPhone Developer";
				COPY_PHASE_STRIP = YES;
				GCC_C_LANGUAGE_STANDARD = gnu99;
				GCC_WARN_ABOUT_RETURN_TYPE = YES;
				GCC_WARN_UNINITIALIZED_AUTOS = YES;
				GCC_WARN_UNUSED_VARIABLE = YES;
				IPHONEOS_DEPLOYMENT_TARGET = 7.1;
				OTHER_CFLAGS = "-DNS_BLOCK_ASSERTIONS=1";
				SDKROOT = iphoneos;
				VALIDATE_PRODUCT = YES;
			};
			name = Release;
		};
		4971941917681D940083624D /* Debug */ = {
			isa = XCBuildConfiguration;
			buildSettings = {
				GCC_PRECOMPILE_PREFIX_HEADER = YES;
				GCC_PREFIX_HEADER = "chyy/chyy-Prefix.pch";
				INFOPLIST_FILE = "chyy/chyy-Info.plist";
				IPHONEOS_DEPLOYMENT_TARGET = 7.1;
				PRODUCT_NAME = "穷开心";
				WRAPPER_EXTENSION = app;
			};
			name = Debug;
		};
		4971941A17681D940083624D /* Release */ = {
			isa = XCBuildConfiguration;
			buildSettings = {
				GCC_PRECOMPILE_PREFIX_HEADER = YES;
				GCC_PREFIX_HEADER = "chyy/chyy-Prefix.pch";
				INFOPLIST_FILE = "chyy/chyy-Info.plist";
				IPHONEOS_DEPLOYMENT_TARGET = 7.1;
				PRODUCT_NAME = "穷开心";
				WRAPPER_EXTENSION = app;
			};
			name = Release;
		};
/* End XCBuildConfiguration section */

/* Begin XCConfigurationList section */
		497193F017681D940083624D /* Build configuration list for PBXProject "chyy" */ = {
			isa = XCConfigurationList;
			buildConfigurations = (
				4971941617681D940083624D /* Debug */,
				4971941717681D940083624D /* Release */,
			);
			defaultConfigurationIsVisible = 0;
			defaultConfigurationName = Release;
		};
		4971941817681D940083624D /* Build configuration list for PBXNativeTarget "chyy" */ = {
			isa = XCConfigurationList;
			buildConfigurations = (
				4971941917681D940083624D /* Debug */,
				4971941A17681D940083624D /* Release */,
			);
			defaultConfigurationIsVisible = 0;
			defaultConfigurationName = Release;
		};
/* End XCConfigurationList section */

/* Begin XCVersionGroup section */
		4971941B176820DE0083624D /* ExpenseRecord.xcdatamodeld */ = {
			isa = XCVersionGroup;
			children = (
				4971941C176820DE0083624D /* ExpenseRecord.xcdatamodel */,
			);
			currentVersion = 4971941C176820DE0083624D /* ExpenseRecord.xcdatamodel */;
			path = ExpenseRecord.xcdatamodeld;
			sourceTree = "<group>";
			versionGroupType = wrapper.xcdatamodel;
		};
/* End XCVersionGroup section */
	};
	rootObject = 497193ED17681D930083624D /* Project object */;
}
